lockfileVersion: 5.3

specifiers:
  '@intrnl/cssom-utils': ^0.2.3
  '@intrnl/esbuild-plugin-build-analysis': ^0.1.2
  '@intrnl/esbuild-plugin-env': ^0.1.3
  '@intrnl/esbuild-plugin-postcss': ^0.4.1
  '@intrnl/esbuild-plugin-vanilla-extract': ^0.2.1
  '@intrnl/rq': ^0.1.13
  '@intrnl/stable-stringify': ^0.1.1
  '@vanilla-extract/css': ^1.6.8
  clsx: ^1.1.1
  esbuild: ^0.14.25
  history: ^5.3.0
  nanopop: ^2.1.0
  postcss: ^8.4.7
  preact: https://pkg.csb.dev/preactjs/preact/commit/424e4268/preact
  react-router-dom: ^6.2.2

dependencies:
  '@intrnl/rq': 0.1.13_preact@10.5.13
  '@intrnl/stable-stringify': 0.1.1
  clsx: 1.1.1
  history: 5.3.0
  nanopop: 2.1.0
  preact: '@pkg.csb.dev/preactjs/preact/commit/424e4268/preact'
  react-router-dom: 6.2.2

devDependencies:
  '@intrnl/cssom-utils': 0.2.3
  '@intrnl/esbuild-plugin-build-analysis': 0.1.2_esbuild@0.14.25
  '@intrnl/esbuild-plugin-env': 0.1.3_esbuild@0.14.25
  '@intrnl/esbuild-plugin-postcss': 0.4.1_esbuild@0.14.25+postcss@8.4.7
  '@intrnl/esbuild-plugin-vanilla-extract': 0.2.1_esbuild@0.14.25
  '@vanilla-extract/css': 1.6.8
  esbuild: 0.14.25
  postcss: 8.4.7

packages:

  /@babel/runtime/7.17.2:
    resolution: {integrity: sha512-hzeyJyMA1YGdJTuWU0e/j4wKXrU4OMFvY2MSlaI9B7VQb0r5cxTE3EAIS2Q7Tn2RIcDkRvTA/v2JsAEhxe99uw==}
    engines: {node: '>=6.9.0'}
    dependencies:
      regenerator-runtime: 0.13.9
    dev: false

  /@emotion/hash/0.8.0:
    resolution: {integrity: sha512-kBJtf7PH6aWwZ6fka3zQ0p6SBYzx4fl1LoZXE2RrnYST9Xljm7WfKJrU4g/Xr3Beg72MLrp1AWNUmuYJTL7Cow==}
    dev: true

  /@intrnl/cssom-utils/0.2.3:
    resolution: {integrity: sha512-8+T1yZtlBe1rtX8uGPX41OklOfN9pL2G5NEtX4Bq4o7YR0IuQgJigQegECe4sjhGcRAZr+XFc/9rYzfTpTkwSg==}
    dev: true

  /@intrnl/esbuild-plugin-build-analysis/0.1.2_esbuild@0.14.25:
    resolution: {integrity: sha512-vaZw39zy5i6mKPGw+J5XG33NIntWXavCjSQfEjWwYWL3cM+0/8/J7mGEOtMUspgCu4DIlfdT1BB1VdBFcfXbGw==}
    peerDependencies:
      esbuild: '>=0.13.15'
    dependencies:
      es-module-lexer: 0.9.3
      esbuild: 0.14.25
    dev: true

  /@intrnl/esbuild-plugin-env/0.1.3_esbuild@0.14.25:
    resolution: {integrity: sha512-PxR2o2Zsyz7T76vi/ofhPqNQ5V/pcHHyPeUzMrBY56ntVsNkE0QECuu8l4xOfR3ynH6+BW2WmA1mY6hYVpgH0g==}
    peerDependencies:
      esbuild: '>=0.13.15'
    dependencies:
      dotenv: 10.0.0
      dotenv-expand: 5.1.0
      esbuild: 0.14.25
      escalade: 3.1.1
    dev: true

  /@intrnl/esbuild-plugin-postcss/0.4.1_esbuild@0.14.25+postcss@8.4.7:
    resolution: {integrity: sha512-Vbpf6CCjKOEMbDz6Jiv4wiu3eFFv33s8frcXZ1baRVnoe0GurnP5lWoJ8PUypYdYGch5xlKJwW0XptbqfeHTPw==}
    peerDependencies:
      esbuild: '>=0.14.8'
      postcss: ^8.4.0
    dependencies:
      '@intrnl/fs-cache': 0.2.3
      '@intrnl/postcss-modules': 0.2.1_postcss@8.4.7
      esbuild: 0.14.25
      postcss: 8.4.7
    dev: true

  /@intrnl/esbuild-plugin-vanilla-extract/0.2.1_esbuild@0.14.25:
    resolution: {integrity: sha512-HEQj8RteOQCGryIFvyCapXdXFlTH5qhSM+8yWlqxmw/oogPOZblX1eh79ncu78RojaKyKZMcWebRt9dKnm2HJg==}
    peerDependencies:
      esbuild: '>=0.13.15'
    dependencies:
      '@intrnl/fs-cache': 0.2.3
      '@vanilla-extract/integration': 2.0.1
      esbuild: 0.14.25
    dev: true

  /@intrnl/fs-cache/0.2.3:
    resolution: {integrity: sha512-a2SLDQP6FBWCvVv9xyFm9xOspSfVa+R0T7yUlW1emNDYryD7jsN94SpbOl68+vW0OrDWOv8KmES3aqAANQaAPQ==}
    dependencies:
      '@intrnl/xxhash64': 0.1.1
      escalade: 3.1.1
      stable-hash: 0.0.2
    dev: true

  /@intrnl/postcss-modules/0.2.1_postcss@8.4.7:
    resolution: {integrity: sha512-7WDR8EMe3rAZp8x9p6KnII4SkPa2jfPXOm+8EBKOZliEuQmEhzP6cBeU5evLig96evLwdfZvg9cMmJ1a7N6kyQ==}
    peerDependencies:
      postcss: '>=8.4.7'
    dependencies:
      postcss: 8.4.7
    dev: true

  /@intrnl/rq/0.1.13_preact@10.5.13:
    resolution: {integrity: sha512-N53QTUIqaKZekWDEtFViW+ZWwC0P5sSfN3N1WGLwVfhXPhsH6hx+eFj1XOaMf/+99Hx71MVFhqhPOCBKPVcK4Q==}
    peerDependencies:
      preact: '>=10.5.0'
    dependencies:
      '@intrnl/stable-stringify': 0.1.1
      preact: '@pkg.csb.dev/preactjs/preact/commit/424e4268/preact'
    dev: false

  /@intrnl/stable-stringify/0.1.1:
    resolution: {integrity: sha512-uvKA+iE1iNFOPfBkZwwz9m95cbgDG6elnSF2oV51D9gbTBtTWPqBsOoODqq5+EvJwj35UuCW+nU1yCgPuJ+aWw==}
    dev: false

  /@intrnl/xxhash64/0.1.1:
    resolution: {integrity: sha512-iVSVAbt0TQ1hzvUFkFS8n3k1/cNXynyHRAyrNE1lZR2hTfhKQy4saDD+xlVkuTFV5Zjio0wdnKlnSJOMacD/Sg==}
    dev: true

  /@vanilla-extract/css/1.6.8:
    resolution: {integrity: sha512-wkZay2jWe9a3Dt30j+WTJicK4+YV7i65lr+QnpkigVY9uU2KPzaiASEyUV8AouT2cZm7AOhteBBVKI8cYeWnVQ==}
    dependencies:
      '@emotion/hash': 0.8.0
      '@vanilla-extract/private': 1.0.3
      chalk: 4.1.2
      css-what: 5.1.0
      cssesc: 3.0.0
      csstype: 3.0.11
      deep-object-diff: 1.1.7
      deepmerge: 4.2.2
      escape-string-regexp: 4.0.0
      outdent: 0.8.0
    dev: true

  /@vanilla-extract/integration/2.0.1:
    resolution: {integrity: sha512-OT0WLxmfDengj63NJAnb3noJmy2Yg9W8FbvGjvGe7c8GMKKMuwRJdW1fV5MeL3tPvZwIeh3YQPsUwCD1mIWS+g==}
    dependencies:
      '@vanilla-extract/css': 1.6.8
      chalk: 4.1.2
      esbuild: 0.11.23
      eval: 0.1.6
      find-up: 5.0.0
      javascript-stringify: 2.1.0
      lodash: 4.17.21
      outdent: 0.8.0
    dev: true

  /@vanilla-extract/private/1.0.3:
    resolution: {integrity: sha512-17kVyLq3ePTKOkveHxXuIJZtGYs+cSoev7BlP+Lf4916qfDhk/HBjvlYDe8egrea7LNPHKwSZJK/bzZC+Q6AwQ==}
    dev: true

  /ansi-styles/4.3.0:
    resolution: {integrity: sha512-zbB9rCJAT1rbjiVDb2hqKFHNYLxgtk8NURxZ3IZwD3F6NtxbXZQCnnSi1Lkx+IDohdPlFp222wVALIheZJQSEg==}
    engines: {node: '>=8'}
    dependencies:
      color-convert: 2.0.1
    dev: true

  /chalk/4.1.2:
    resolution: {integrity: sha512-oKnbhFyRIXpUuez8iBMmyEa4nbj4IOQyuhc/wy9kY7/WVPcwIO9VA668Pu8RkO7+0G76SLROeyw9CpQ061i4mA==}
    engines: {node: '>=10'}
    dependencies:
      ansi-styles: 4.3.0
      supports-color: 7.2.0
    dev: true

  /clsx/1.1.1:
    resolution: {integrity: sha512-6/bPho624p3S2pMyvP5kKBPXnI3ufHLObBFCfgx+LkeR5lg2XYy2hqZqUf45ypD8COn2bhgGJSUE+l5dhNBieA==}
    engines: {node: '>=6'}
    dev: false

  /color-convert/2.0.1:
    resolution: {integrity: sha512-RRECPsj7iu/xb5oKYcsFHSppFNnsj/52OVTRKb4zP5onXwVF3zVmmToNcOfGC+CRDpfK/U584fMg38ZHCaElKQ==}
    engines: {node: '>=7.0.0'}
    dependencies:
      color-name: 1.1.4
    dev: true

  /color-name/1.1.4:
    resolution: {integrity: sha512-dOy+3AuW3a2wNbZHIuMZpTcgjGuLU/uBL/ubcZF9OXbDo8ff4O8yVp5Bf0efS8uEoYo5q4Fx7dY9OgQGXgAsQA==}
    dev: true

  /css-what/5.1.0:
    resolution: {integrity: sha512-arSMRWIIFY0hV8pIxZMEfmMI47Wj3R/aWpZDDxWYCPEiOMv6tfOrnpDtgxBYPEQD4V0Y/958+1TdC3iWTFcUPw==}
    engines: {node: '>= 6'}
    dev: true

  /cssesc/3.0.0:
    resolution: {integrity: sha512-/Tb/JcjK111nNScGob5MNtsntNM1aCNUDipB/TkwZFhyDrrE47SOx/18wF2bbjgc3ZzCSKW1T5nt5EbFoAz/Vg==}
    engines: {node: '>=4'}
    hasBin: true
    dev: true

  /csstype/3.0.11:
    resolution: {integrity: sha512-sa6P2wJ+CAbgyy4KFssIb/JNMLxFvKF1pCYCSXS8ZMuqZnMsrxqI2E5sPyoTpxoPU/gVZMzr2zjOfg8GIZOMsw==}
    dev: true

  /deep-object-diff/1.1.7:
    resolution: {integrity: sha512-QkgBca0mL08P6HiOjoqvmm6xOAl2W6CT2+34Ljhg0OeFan8cwlcdq8jrLKsBBuUFAZLsN5b6y491KdKEoSo9lg==}
    dev: true

  /deepmerge/4.2.2:
    resolution: {integrity: sha512-FJ3UgI4gIl+PHZm53knsuSFpE+nESMr7M4v9QcgB7S63Kj/6WqMiFQJpBBYz1Pt+66bZpP3Q7Lye0Oo9MPKEdg==}
    engines: {node: '>=0.10.0'}
    dev: true

  /dotenv-expand/5.1.0:
    resolution: {integrity: sha512-YXQl1DSa4/PQyRfgrv6aoNjhasp/p4qs9FjJ4q4cQk+8m4r6k4ZSiEyytKG8f8W9gi8WsQtIObNmKd+tMzNTmA==}
    dev: true

  /dotenv/10.0.0:
    resolution: {integrity: sha512-rlBi9d8jpv9Sf1klPjNfFAuWDjKLwTIJJ/VxtoTwIR6hnZxcEOQCZg2oIL3MWBYw5GpUDKOEnND7LXTbIpQ03Q==}
    engines: {node: '>=10'}
    dev: true

  /es-module-lexer/0.9.3:
    resolution: {integrity: sha512-1HQ2M2sPtxwnvOvT1ZClHyQDiggdNjURWpY2we6aMKCQiUVxTmVs2UYPLIrD84sS+kMdUwfBSylbJPwNnBrnHQ==}
    dev: true

  /esbuild-android-64/0.14.25:
    resolution: {integrity: sha512-L5vCUk7TzFbBnoESNoXjU3x9+/+7TDIE/1mTfy/erAfvZAqC+S3sp/Qa9wkypFMcFvN9FzvESkTlpeQDolREtQ==}
    engines: {node: '>=12'}
    cpu: [x64]
    os: [android]
    requiresBuild: true
    dev: true
    optional: true

  /esbuild-android-arm64/0.14.25:
    resolution: {integrity: sha512-4jv5xPjM/qNm27T5j3ZEck0PvjgQtoMHnz4FzwF5zNP56PvY2CT0WStcAIl6jNlsuDdN63rk2HRBIsO6xFbcFw==}
    engines: {node: '>=12'}
    cpu: [arm64]
    os: [android]
    requiresBuild: true
    dev: true
    optional: true

  /esbuild-darwin-64/0.14.25:
    resolution: {integrity: sha512-TGp8tuudIxOyWd1+8aYPxQmC1ZQyvij/AfNBa35RubixD0zJ1vkKHVAzo0Zao1zcG6pNqiSyzfPto8vmg0s7oA==}
    engines: {node: '>=12'}
    cpu: [x64]
    os: [darwin]
    requiresBuild: true
    dev: true
    optional: true

  /esbuild-darwin-arm64/0.14.25:
    resolution: {integrity: sha512-oTcDgdm0MDVEmw2DWu8BV68pYuImpFgvWREPErBZmNA4MYKGuBRaCiJqq6jZmBR1x+3y1DWCjez+5uLtuAm6mw==}
    engines: {node: '>=12'}
    cpu: [arm64]
    os: [darwin]
    requiresBuild: true
    dev: true
    optional: true

  /esbuild-freebsd-64/0.14.25:
    resolution: {integrity: sha512-ueAqbnMZ8arnuLH8tHwTCQYeptnHOUV7vA6px6j4zjjQwDx7TdP7kACPf3TLZLdJQ3CAD1XCvQ2sPhX+8tacvQ==}
    engines: {node: '>=12'}
    cpu: [x64]
    os: [freebsd]
    requiresBuild: true
    dev: true
    optional: true

  /esbuild-freebsd-arm64/0.14.25:
    resolution: {integrity: sha512-+ZVWud2HKh+Ob6k/qiJWjBtUg4KmJGGmbvEXXW1SNKS7hW7HU+Zq2ZCcE1akFxOPkVB+EhOty/sSek30tkCYug==}
    engines: {node: '>=12'}
    cpu: [arm64]
    os: [freebsd]
    requiresBuild: true
    dev: true
    optional: true

  /esbuild-linux-32/0.14.25:
    resolution: {integrity: sha512-3OP/lwV3kCzEz45tobH9nj+uE4ubhGsfx+tn0L26WAGtUbmmcRpqy7XRG/qK7h1mClZ+eguIANcQntYMdYklfw==}
    engines: {node: '>=12'}
    cpu: [ia32]
    os: [linux]
    requiresBuild: true
    dev: true
    optional: true

  /esbuild-linux-64/0.14.25:
    resolution: {integrity: sha512-+aKHdHZmX9qwVlQmu5xYXh7GsBFf4TWrePgeJTalhXHOG7NNuUwoHmketGiZEoNsWyyqwH9rE5BC+iwcLY30Ug==}
    engines: {node: '>=12'}
    cpu: [x64]
    os: [linux]
    requiresBuild: true
    dev: true
    optional: true

  /esbuild-linux-arm/0.14.25:
    resolution: {integrity: sha512-aTLcE2VBoLydL943REcAcgnDi3bHtmULSXWLbjtBdtykRatJVSxKMjK9YlBXUZC4/YcNQfH7AxwVeQr9fNxPhw==}
    engines: {node: '>=12'}
    cpu: [arm]
    os: [linux]
    requiresBuild: true
    dev: true
    optional: true

  /esbuild-linux-arm64/0.14.25:
    resolution: {integrity: sha512-UxfenPx/wSZx55gScCImPtXekvZQLI2GW3qe5dtlmU7luiqhp5GWPzGeQEbD3yN3xg/pHc671m5bma5Ns7lBHw==}
    engines: {node: '>=12'}
    cpu: [arm64]
    os: [linux]
    requiresBuild: true
    dev: true
    optional: true

  /esbuild-linux-mips64le/0.14.25:
    resolution: {integrity: sha512-wLWYyqVfYx9Ur6eU5RT92yJVsaBGi5RdkoWqRHOqcJ38Kn60QMlcghsKeWfe9jcYut8LangYZ98xO1LxIoSXrQ==}
    engines: {node: '>=12'}
    cpu: [mips64el]
    os: [linux]
    requiresBuild: true
    dev: true
    optional: true

  /esbuild-linux-ppc64le/0.14.25:
    resolution: {integrity: sha512-0dR6Csl6Zas3g4p9ULckEl8Mo8IInJh33VCJ3eaV1hj9+MHGdmDOakYMN8MZP9/5nl+NU/0ygpd14cWgy8uqRw==}
    engines: {node: '>=12'}
    cpu: [ppc64]
    os: [linux]
    requiresBuild: true
    dev: true
    optional: true

  /esbuild-linux-riscv64/0.14.25:
    resolution: {integrity: sha512-J4d20HDmTrgvhR0bdkDhvvJGaikH3LzXQnNaseo8rcw9Yqby9A90gKUmWpfwqLVNRILvNnAmKLfBjCKU9ajg8w==}
    engines: {node: '>=12'}
    cpu: [riscv64]
    os: [linux]
    requiresBuild: true
    dev: true
    optional: true

  /esbuild-linux-s390x/0.14.25:
    resolution: {integrity: sha512-YI2d5V6nTE73ZnhEKQD7MtsPs1EtUZJ3obS21oxQxGbbRw1G+PtJKjNyur+3t6nzHP9oTg6GHQ3S3hOLLmbDIQ==}
    engines: {node: '>=12'}
    cpu: [s390x]
    os: [linux]
    requiresBuild: true
    dev: true
    optional: true

  /esbuild-netbsd-64/0.14.25:
    resolution: {integrity: sha512-TKIVgNWLUOkr+Exrye70XTEE1lJjdQXdM4tAXRzfHE9iBA7LXWcNtVIuSnphTqpanPzTDFarF0yqq4kpbC6miA==}
    engines: {node: '>=12'}
    cpu: [x64]
    os: [netbsd]
    requiresBuild: true
    dev: true
    optional: true

  /esbuild-openbsd-64/0.14.25:
    resolution: {integrity: sha512-QgFJ37A15D7NIXBTYEqz29+uw3nNBOIyog+3kFidANn6kjw0GHZ0lEYQn+cwjyzu94WobR+fes7cTl/ZYlHb1A==}
    engines: {node: '>=12'}
    cpu: [x64]
    os: [openbsd]
    requiresBuild: true
    dev: true
    optional: true

  /esbuild-sunos-64/0.14.25:
    resolution: {integrity: sha512-rmWfjUItYIVlqr5EnTH1+GCxXiBOC42WBZ3w++qh7n2cS9Xo0lO5pGSG2N+huOU2fX5L+6YUuJ78/vOYvefeFw==}
    engines: {node: '>=12'}
    cpu: [x64]
    os: [sunos]
    requiresBuild: true
    dev: true
    optional: true

  /esbuild-windows-32/0.14.25:
    resolution: {integrity: sha512-HGAxVUofl3iUIz9W10Y9XKtD0bNsK9fBXv1D55N/ljNvkrAYcGB8YCm0v7DjlwtyS6ws3dkdQyXadbxkbzaKOA==}
    engines: {node: '>=12'}
    cpu: [ia32]
    os: [win32]
    requiresBuild: true
    dev: true
    optional: true

  /esbuild-windows-64/0.14.25:
    resolution: {integrity: sha512-TirEohRkfWU9hXLgoDxzhMQD1g8I2mOqvdQF2RS9E/wbkORTAqJHyh7wqGRCQAwNzdNXdg3JAyhQ9/177AadWA==}
    engines: {node: '>=12'}
    cpu: [x64]
    os: [win32]
    requiresBuild: true
    dev: true
    optional: true

  /esbuild-windows-arm64/0.14.25:
    resolution: {integrity: sha512-4ype9ERiI45rSh+R8qUoBtaj6kJvUOI7oVLhKqPEpcF4Pa5PpT3hm/mXAyotJHREkHpM87PAJcA442mLnbtlNA==}
    engines: {node: '>=12'}
    cpu: [arm64]
    os: [win32]
    requiresBuild: true
    dev: true
    optional: true

  /esbuild/0.11.23:
    resolution: {integrity: sha512-iaiZZ9vUF5wJV8ob1tl+5aJTrwDczlvGP0JoMmnpC2B0ppiMCu8n8gmy5ZTGl5bcG081XBVn+U+jP+mPFm5T5Q==}
    hasBin: true
    requiresBuild: true
    dev: true

  /esbuild/0.14.25:
    resolution: {integrity: sha512-4JHEIOMNFvK09ziiL+iVmldIhLbn49V4NAVo888tcGFKedEZY/Y8YapfStJ6zSE23tzYPKxqKwQBnQoIO0BI/Q==}
    engines: {node: '>=12'}
    hasBin: true
    requiresBuild: true
    optionalDependencies:
      esbuild-android-64: 0.14.25
      esbuild-android-arm64: 0.14.25
      esbuild-darwin-64: 0.14.25
      esbuild-darwin-arm64: 0.14.25
      esbuild-freebsd-64: 0.14.25
      esbuild-freebsd-arm64: 0.14.25
      esbuild-linux-32: 0.14.25
      esbuild-linux-64: 0.14.25
      esbuild-linux-arm: 0.14.25
      esbuild-linux-arm64: 0.14.25
      esbuild-linux-mips64le: 0.14.25
      esbuild-linux-ppc64le: 0.14.25
      esbuild-linux-riscv64: 0.14.25
      esbuild-linux-s390x: 0.14.25
      esbuild-netbsd-64: 0.14.25
      esbuild-openbsd-64: 0.14.25
      esbuild-sunos-64: 0.14.25
      esbuild-windows-32: 0.14.25
      esbuild-windows-64: 0.14.25
      esbuild-windows-arm64: 0.14.25
    dev: true

  /escalade/3.1.1:
    resolution: {integrity: sha512-k0er2gUkLf8O0zKJiAhmkTnJlTvINGv7ygDNPbeIsX/TJjGJZHuh9B2UxbsaEkmlEo9MfhrSzmhIlhRlI2GXnw==}
    engines: {node: '>=6'}
    dev: true

  /escape-string-regexp/4.0.0:
    resolution: {integrity: sha512-TtpcNJ3XAzx3Gq8sWRzJaVajRs0uVxA2YAkdb1jm2YkPz4G6egUFAyA3n5vtEIZefPk5Wa4UXbKuS5fKkJWdgA==}
    engines: {node: '>=10'}
    dev: true

  /eval/0.1.6:
    resolution: {integrity: sha512-o0XUw+5OGkXw4pJZzQoXUk+H87DHuC+7ZE//oSrRGtatTmr12oTnLfg6QOq9DyTt0c/p4TwzgmkKrBzWTSizyQ==}
    engines: {node: '>= 0.8'}
    dependencies:
      require-like: 0.1.2
    dev: true

  /find-up/5.0.0:
    resolution: {integrity: sha512-78/PXT1wlLLDgTzDs7sjq9hzz0vXD+zn+7wypEe4fXQxCmdmqfGsEPQxmiCSQI3ajFV91bVSsvNtrJRiW6nGng==}
    engines: {node: '>=10'}
    dependencies:
      locate-path: 6.0.0
      path-exists: 4.0.0
    dev: true

  /has-flag/4.0.0:
    resolution: {integrity: sha512-EykJT/Q1KjTWctppgIAgfSO0tKVuZUjhgMr17kqTumMl6Afv3EISleU7qZUzoXDFTAHTDC4NOoG/ZxU3EvlMPQ==}
    engines: {node: '>=8'}
    dev: true

  /history/5.3.0:
    resolution: {integrity: sha512-ZqaKwjjrAYUYfLG+htGaIIZ4nioX2L70ZUMIFysS3xvBsSG4x/n1V6TXV3N8ZYNuFGlDirFg32T7B6WOUPDYcQ==}
    dependencies:
      '@babel/runtime': 7.17.2
    dev: false

  /javascript-stringify/2.1.0:
    resolution: {integrity: sha512-JVAfqNPTvNq3sB/VHQJAFxN/sPgKnsKrCwyRt15zwNCdrMMJDdcEOdubuy+DuJYYdm0ox1J4uzEuYKkN+9yhVg==}
    dev: true

  /locate-path/6.0.0:
    resolution: {integrity: sha512-iPZK6eYjbxRu3uB4/WZ3EsEIMJFMqAoopl3R+zuq0UjcAm/MO6KCweDgPfP3elTztoKP3KtnVHxTn2NHBSDVUw==}
    engines: {node: '>=10'}
    dependencies:
      p-locate: 5.0.0
    dev: true

  /lodash/4.17.21:
    resolution: {integrity: sha512-v2kDEe57lecTulaDIuNTPy3Ry4gLGJ6Z1O3vE1krgXZNrsQ+LFTGHVxVjcXPs17LhbZVGedAJv8XZ1tvj5FvSg==}
    dev: true

  /nanoid/3.3.1:
    resolution: {integrity: sha512-n6Vs/3KGyxPQd6uO0eH4Bv0ojGSUvuLlIHtC3Y0kEO23YRge8H9x1GCzLn28YX0H66pMkxuaeESFq4tKISKwdw==}
    engines: {node: ^10 || ^12 || ^13.7 || ^14 || >=15.0.1}
    hasBin: true
    dev: true

  /nanopop/2.1.0:
    resolution: {integrity: sha512-jGTwpFRexSH+fxappnGQtN9dspgE2ipa1aOjtR24igG0pv6JCxImIAmrLRHX+zUF5+1wtsFVbKyfP51kIGAVNw==}
    dev: false

  /outdent/0.8.0:
    resolution: {integrity: sha512-KiOAIsdpUTcAXuykya5fnVVT+/5uS0Q1mrkRHcF89tpieSmY33O/tmc54CqwA+bfhbtEfZUNLHaPUiB9X3jt1A==}
    dev: true

  /p-limit/3.1.0:
    resolution: {integrity: sha512-TYOanM3wGwNGsZN2cVTYPArw454xnXj5qmWF1bEoAc4+cU/ol7GVh7odevjp1FNHduHc3KZMcFduxU5Xc6uJRQ==}
    engines: {node: '>=10'}
    dependencies:
      yocto-queue: 0.1.0
    dev: true

  /p-locate/5.0.0:
    resolution: {integrity: sha512-LaNjtRWUBY++zB5nE/NwcaoMylSPk+S+ZHNB1TzdbMJMny6dynpAGt7X/tl/QYq3TIeE6nxHppbo2LGymrG5Pw==}
    engines: {node: '>=10'}
    dependencies:
      p-limit: 3.1.0
    dev: true

  /path-exists/4.0.0:
    resolution: {integrity: sha512-ak9Qy5Q7jYb2Wwcey5Fpvg2KoAc/ZIhLSLOSBmRmygPsGwkVVt0fZa0qrtMz+m6tJTAHfZQ8FnmB4MG4LWy7/w==}
    engines: {node: '>=8'}
    dev: true

  /picocolors/1.0.0:
    resolution: {integrity: sha512-1fygroTLlHu66zi26VoTDv8yRgm0Fccecssto+MhsZ0D/DGW2sm8E8AjW7NU5VVTRt5GxbeZ5qBuJr+HyLYkjQ==}
    dev: true

  /postcss/8.4.7:
    resolution: {integrity: sha512-L9Ye3r6hkkCeOETQX6iOaWZgjp3LL6Lpqm6EtgbKrgqGGteRMNb9vzBfRL96YOSu8o7x3MfIH9Mo5cPJFGrW6A==}
    engines: {node: ^10 || ^12 || >=14}
    dependencies:
      nanoid: 3.3.1
      picocolors: 1.0.0
      source-map-js: 1.0.2
    dev: true

  /react-router-dom/6.2.2:
    resolution: {integrity: sha512-AtYEsAST7bDD4dLSQHDnk/qxWLJdad5t1HFa1qJyUrCeGgEuCSw0VB/27ARbF9Fi/W5598ujvJOm3ujUCVzuYQ==}
    peerDependencies:
      react: '>=16.8'
      react-dom: '>=16.8'
    dependencies:
      history: 5.3.0
      react-router: 6.2.2
    dev: false

  /react-router/6.2.2:
    resolution: {integrity: sha512-/MbxyLzd7Q7amp4gDOGaYvXwhEojkJD5BtExkuKmj39VEE0m3l/zipf6h2WIB2jyAO0lI6NGETh4RDcktRm4AQ==}
    peerDependencies:
      react: '>=16.8'
    dependencies:
      history: 5.3.0
    dev: false

  /regenerator-runtime/0.13.9:
    resolution: {integrity: sha512-p3VT+cOEgxFsRRA9X4lkI1E+k2/CtnKtU4gcxyaCUreilL/vqI6CdZ3wxVUx3UOUg+gnUOQQcRI7BmSI656MYA==}
    dev: false

  /require-like/0.1.2:
    resolution: {integrity: sha1-rW8wwTvs15cBDEaK+ndcDAprR/o=}
    dev: true

  /source-map-js/1.0.2:
    resolution: {integrity: sha512-R0XvVJ9WusLiqTCEiGCmICCMplcCkIwwR11mOSD9CR5u+IXYdiseeEuXCVAjS54zqwkLcPNnmU4OeJ6tUrWhDw==}
    engines: {node: '>=0.10.0'}
    dev: true

  /stable-hash/0.0.2:
    resolution: {integrity: sha512-tPwQ3c1rLIwbJpq59duoznegEbmgfV630C2n4R4G96LKBFljgK8j+O9AxjqB6cAzu4gE7s4pByrLWtZel8E+Mg==}
    dev: true

  /supports-color/7.2.0:
    resolution: {integrity: sha512-qpCAvRl9stuOHveKsn7HncJRvv501qIacKzQlO/+Lwxc9+0q2wLyv4Dfvt80/DPn2pqOBsJdDiogXGR9+OvwRw==}
    engines: {node: '>=8'}
    dependencies:
      has-flag: 4.0.0
    dev: true

  /yocto-queue/0.1.0:
    resolution: {integrity: sha512-rVksvsnNCdJ/ohGc6xgPwyN8eheCxsiLM8mxuE/t/mOVqJewPuO1miLpTHQiRgTKCLexL4MeAFVagts7HmNZ2Q==}
    engines: {node: '>=10'}
    dev: true

  '@pkg.csb.dev/preactjs/preact/commit/424e4268/preact':
    resolution: {tarball: https://pkg.csb.dev/preactjs/preact/commit/424e4268/preact}
    name: preact
    version: 10.5.13
    dev: false
