lockfileVersion: 5.3

specifiers:
  '@intrnl/cssom-utils': ^0.2.3
  '@intrnl/esbuild-plugin-build-analysis': ^0.1.2
  '@intrnl/esbuild-plugin-env': ^0.1.2
  '@intrnl/esbuild-plugin-vanilla-extract': ^0.2.0
  '@intrnl/rq': ^0.1.4
  '@intrnl/stable-stringify': ^0.1.1
  '@vanilla-extract/css': ^1.6.8
  clsx: ^1.1.1
  esbuild: ^0.14.2
  history: ^5.1.0
  postcss: ^8.4.4
  preact: https://pkg.csb.dev/preactjs/preact/commit/a5a12f92/preact
  react-router-dom: ^6.0.2

dependencies:
  '@intrnl/rq': 0.1.4_preact@10.5.13
  '@intrnl/stable-stringify': 0.1.1
  clsx: 1.1.1
  history: 5.1.0
  preact: '@pkg.csb.dev/preactjs/preact/commit/a5a12f92/preact'
  react-router-dom: 6.0.2

devDependencies:
  '@intrnl/cssom-utils': 0.2.3
  '@intrnl/esbuild-plugin-build-analysis': 0.1.2_esbuild@0.14.2
  '@intrnl/esbuild-plugin-env': 0.1.2_esbuild@0.14.2
  '@intrnl/esbuild-plugin-vanilla-extract': 0.2.0_esbuild@0.14.2
  '@vanilla-extract/css': 1.6.8
  esbuild: 0.14.2
  postcss: 8.4.4

packages:

  /@babel/runtime/7.16.3:
    resolution: {integrity: sha512-WBwekcqacdY2e9AF/Q7WLFUWmdJGJTkbjqTjoMDgXkVZ3ZRUvOPsLb5KdwISoQVsbP+DQzVZW4Zhci0DvpbNTQ==}
    engines: {node: '>=6.9.0'}
    dependencies:
      regenerator-runtime: 0.13.9
    dev: false

  /@emotion/hash/0.8.0:
    resolution: {integrity: sha512-kBJtf7PH6aWwZ6fka3zQ0p6SBYzx4fl1LoZXE2RrnYST9Xljm7WfKJrU4g/Xr3Beg72MLrp1AWNUmuYJTL7Cow==}
    dev: true

  /@intrnl/cssom-utils/0.2.3:
    resolution: {integrity: sha512-8+T1yZtlBe1rtX8uGPX41OklOfN9pL2G5NEtX4Bq4o7YR0IuQgJigQegECe4sjhGcRAZr+XFc/9rYzfTpTkwSg==}
    dev: true

  /@intrnl/esbuild-plugin-build-analysis/0.1.2_esbuild@0.14.2:
    resolution: {integrity: sha512-vaZw39zy5i6mKPGw+J5XG33NIntWXavCjSQfEjWwYWL3cM+0/8/J7mGEOtMUspgCu4DIlfdT1BB1VdBFcfXbGw==}
    peerDependencies:
      esbuild: '>=0.13.15'
    dependencies:
      es-module-lexer: 0.9.3
      esbuild: 0.14.2
    dev: true

  /@intrnl/esbuild-plugin-env/0.1.2_esbuild@0.14.2:
    resolution: {integrity: sha512-UmfxxQy/eG37/U2GS+Pf1lyx/eBQnb7tbCjPHzfxxhsq1k1ka17YFEMlWKwbus88SICFcGDUQIkWc2xgjxEKtA==}
    peerDependencies:
      esbuild: '>=0.13.15'
    dependencies:
      dotenv: 10.0.0
      dotenv-expand: 5.1.0
      esbuild: 0.14.2
      escalade: 3.1.1
    dev: true

  /@intrnl/esbuild-plugin-vanilla-extract/0.2.0_esbuild@0.14.2:
    resolution: {integrity: sha512-79kEHy0ZH8QH5xplBx6rW5tdLaqWvkZMUi+ZGAfg5OK7m+p//beClPVr/MI03NKsJ97PLyiESIGH/QpgNbz48g==}
    peerDependencies:
      esbuild: '>=0.13.15'
    dependencies:
      '@intrnl/fs-cache': 0.2.3
      '@vanilla-extract/integration': 2.0.0
      esbuild: 0.14.2
    dev: true

  /@intrnl/fs-cache/0.2.3:
    resolution: {integrity: sha512-a2SLDQP6FBWCvVv9xyFm9xOspSfVa+R0T7yUlW1emNDYryD7jsN94SpbOl68+vW0OrDWOv8KmES3aqAANQaAPQ==}
    dependencies:
      '@intrnl/xxhash64': 0.1.1
      escalade: 3.1.1
      stable-hash: 0.0.2
    dev: true

  /@intrnl/rq/0.1.4_preact@10.5.13:
    resolution: {integrity: sha512-PaywMtIhVco/piLSRkWxh9xroZgBF8PEBJDM14ERsnHTJ39uHYs0J8ljLWUtzDHF2tDZxdfKTTH2YYpB8VFsqw==}
    peerDependencies:
      preact: ^10.6.2
    dependencies:
      '@intrnl/stable-stringify': 0.1.1
      preact: '@pkg.csb.dev/preactjs/preact/commit/a5a12f92/preact'
    dev: false

  /@intrnl/stable-stringify/0.1.1:
    resolution: {integrity: sha512-uvKA+iE1iNFOPfBkZwwz9m95cbgDG6elnSF2oV51D9gbTBtTWPqBsOoODqq5+EvJwj35UuCW+nU1yCgPuJ+aWw==}
    dev: false

  /@intrnl/xxhash64/0.1.1:
    resolution: {integrity: sha512-iVSVAbt0TQ1hzvUFkFS8n3k1/cNXynyHRAyrNE1lZR2hTfhKQy4saDD+xlVkuTFV5Zjio0wdnKlnSJOMacD/Sg==}
    dev: true

  /@vanilla-extract/css/1.6.8:
    resolution: {integrity: sha512-wkZay2jWe9a3Dt30j+WTJicK4+YV7i65lr+QnpkigVY9uU2KPzaiASEyUV8AouT2cZm7AOhteBBVKI8cYeWnVQ==}
    dependencies:
      '@emotion/hash': 0.8.0
      '@vanilla-extract/private': 1.0.3
      chalk: 4.1.2
      css-what: 5.1.0
      cssesc: 3.0.0
      csstype: 3.0.10
      deep-object-diff: 1.1.0
      deepmerge: 4.2.2
      escape-string-regexp: 4.0.0
      outdent: 0.8.0
    dev: true

  /@vanilla-extract/integration/2.0.0:
    resolution: {integrity: sha512-ooJ3yj1jYzOBdIwZ9k3T7DD9w9hpZcUOnv98FB11pYCjbTjLEk4nOvEf+zqd+oUCQBZ42R4SKJwYm3n5KcyTiQ==}
    dependencies:
      '@vanilla-extract/css': 1.6.8
      chalk: 4.1.2
      esbuild: 0.11.23
      eval: 0.1.6
      find-up: 5.0.0
      javascript-stringify: 2.1.0
      lodash: 4.17.21
      outdent: 0.8.0
    dev: true

  /@vanilla-extract/private/1.0.3:
    resolution: {integrity: sha512-17kVyLq3ePTKOkveHxXuIJZtGYs+cSoev7BlP+Lf4916qfDhk/HBjvlYDe8egrea7LNPHKwSZJK/bzZC+Q6AwQ==}
    dev: true

  /ansi-styles/4.3.0:
    resolution: {integrity: sha512-zbB9rCJAT1rbjiVDb2hqKFHNYLxgtk8NURxZ3IZwD3F6NtxbXZQCnnSi1Lkx+IDohdPlFp222wVALIheZJQSEg==}
    engines: {node: '>=8'}
    dependencies:
      color-convert: 2.0.1
    dev: true

  /chalk/4.1.2:
    resolution: {integrity: sha512-oKnbhFyRIXpUuez8iBMmyEa4nbj4IOQyuhc/wy9kY7/WVPcwIO9VA668Pu8RkO7+0G76SLROeyw9CpQ061i4mA==}
    engines: {node: '>=10'}
    dependencies:
      ansi-styles: 4.3.0
      supports-color: 7.2.0
    dev: true

  /clsx/1.1.1:
    resolution: {integrity: sha512-6/bPho624p3S2pMyvP5kKBPXnI3ufHLObBFCfgx+LkeR5lg2XYy2hqZqUf45ypD8COn2bhgGJSUE+l5dhNBieA==}
    engines: {node: '>=6'}
    dev: false

  /color-convert/2.0.1:
    resolution: {integrity: sha512-RRECPsj7iu/xb5oKYcsFHSppFNnsj/52OVTRKb4zP5onXwVF3zVmmToNcOfGC+CRDpfK/U584fMg38ZHCaElKQ==}
    engines: {node: '>=7.0.0'}
    dependencies:
      color-name: 1.1.4
    dev: true

  /color-name/1.1.4:
    resolution: {integrity: sha512-dOy+3AuW3a2wNbZHIuMZpTcgjGuLU/uBL/ubcZF9OXbDo8ff4O8yVp5Bf0efS8uEoYo5q4Fx7dY9OgQGXgAsQA==}
    dev: true

  /css-what/5.1.0:
    resolution: {integrity: sha512-arSMRWIIFY0hV8pIxZMEfmMI47Wj3R/aWpZDDxWYCPEiOMv6tfOrnpDtgxBYPEQD4V0Y/958+1TdC3iWTFcUPw==}
    engines: {node: '>= 6'}
    dev: true

  /cssesc/3.0.0:
    resolution: {integrity: sha512-/Tb/JcjK111nNScGob5MNtsntNM1aCNUDipB/TkwZFhyDrrE47SOx/18wF2bbjgc3ZzCSKW1T5nt5EbFoAz/Vg==}
    engines: {node: '>=4'}
    hasBin: true
    dev: true

  /csstype/3.0.10:
    resolution: {integrity: sha512-2u44ZG2OcNUO9HDp/Jl8C07x6pU/eTR3ncV91SiK3dhG9TWvRVsCoJw14Ckx5DgWkzGA3waZWO3d7pgqpUI/XA==}
    dev: true

  /deep-object-diff/1.1.0:
    resolution: {integrity: sha512-b+QLs5vHgS+IoSNcUE4n9HP2NwcHj7aqnJWsjPtuG75Rh5TOaGt0OjAYInh77d5T16V5cRDC+Pw/6ZZZiETBGw==}
    dev: true

  /deepmerge/4.2.2:
    resolution: {integrity: sha512-FJ3UgI4gIl+PHZm53knsuSFpE+nESMr7M4v9QcgB7S63Kj/6WqMiFQJpBBYz1Pt+66bZpP3Q7Lye0Oo9MPKEdg==}
    engines: {node: '>=0.10.0'}
    dev: true

  /dotenv-expand/5.1.0:
    resolution: {integrity: sha512-YXQl1DSa4/PQyRfgrv6aoNjhasp/p4qs9FjJ4q4cQk+8m4r6k4ZSiEyytKG8f8W9gi8WsQtIObNmKd+tMzNTmA==}
    dev: true

  /dotenv/10.0.0:
    resolution: {integrity: sha512-rlBi9d8jpv9Sf1klPjNfFAuWDjKLwTIJJ/VxtoTwIR6hnZxcEOQCZg2oIL3MWBYw5GpUDKOEnND7LXTbIpQ03Q==}
    engines: {node: '>=10'}
    dev: true

  /es-module-lexer/0.9.3:
    resolution: {integrity: sha512-1HQ2M2sPtxwnvOvT1ZClHyQDiggdNjURWpY2we6aMKCQiUVxTmVs2UYPLIrD84sS+kMdUwfBSylbJPwNnBrnHQ==}
    dev: true

  /esbuild-android-arm64/0.14.2:
    resolution: {integrity: sha512-hEixaKMN3XXCkoe+0WcexO4CcBVU5DCSUT+7P8JZiWZCbAjSkc9b6Yz2X5DSfQmRCtI/cQRU6TfMYrMQ5NBfdw==}
    cpu: [arm64]
    os: [android]
    requiresBuild: true
    dev: true
    optional: true

  /esbuild-darwin-64/0.14.2:
    resolution: {integrity: sha512-Uq8t0cbJQkxkQdbUfOl2wZqZ/AtLZjvJulR1HHnc96UgyzG9YlCLSDMiqjM+NANEy7/zzvwKJsy3iNC9wwqLJA==}
    cpu: [x64]
    os: [darwin]
    requiresBuild: true
    dev: true
    optional: true

  /esbuild-darwin-arm64/0.14.2:
    resolution: {integrity: sha512-619MSa17sr7YCIrUj88KzQu2ESA4jKYtIYfLU/smX6qNgxQt3Y/gzM4s6sgJ4fPQzirvmXgcHv1ZNQAs/Xh48A==}
    cpu: [arm64]
    os: [darwin]
    requiresBuild: true
    dev: true
    optional: true

  /esbuild-freebsd-64/0.14.2:
    resolution: {integrity: sha512-aP6FE/ZsChZpUV6F3HE3x1Pz0paoYXycJ7oLt06g0G9dhJKknPawXCqQg/WMyD+ldCEZfo7F1kavenPdIT/SGQ==}
    cpu: [x64]
    os: [freebsd]
    requiresBuild: true
    dev: true
    optional: true

  /esbuild-freebsd-arm64/0.14.2:
    resolution: {integrity: sha512-LSm98WTb1QIhyS83+Po0KTpZNdd2XpVpI9ua5rLWqKWbKeNRFwOsjeiuwBaRNc+O32s9oC2ZMefETxHBV6VNkQ==}
    cpu: [arm64]
    os: [freebsd]
    requiresBuild: true
    dev: true
    optional: true

  /esbuild-linux-32/0.14.2:
    resolution: {integrity: sha512-8VxnNEyeUbiGflTKcuVc5JEPTqXfsx2O6ABwUbfS1Hp26lYPRPC7pKQK5Dxa0MBejGc50jy7YZae3EGQUQ8EkQ==}
    cpu: [ia32]
    os: [linux]
    requiresBuild: true
    dev: true
    optional: true

  /esbuild-linux-64/0.14.2:
    resolution: {integrity: sha512-4bzMS2dNxOJoFIiHId4w+tqQzdnsch71JJV1qZnbnErSFWcR9lRgpSqWnTTFtv6XM+MvltRzSXC5wQ7AEBY6Hg==}
    cpu: [x64]
    os: [linux]
    requiresBuild: true
    dev: true
    optional: true

  /esbuild-linux-arm/0.14.2:
    resolution: {integrity: sha512-PaylahvMHhH8YMfJPMKEqi64qA0Su+d4FNfHKvlKes/2dUe4QxgbwXT9oLVgy8iJdcFMrO7By4R8fS8S0p8aVQ==}
    cpu: [arm]
    os: [linux]
    requiresBuild: true
    dev: true
    optional: true

  /esbuild-linux-arm64/0.14.2:
    resolution: {integrity: sha512-RlIVp0RwJrdtasDF1vTFueLYZ8WuFzxoQ1OoRFZOTyJHCGCNgh7xJIC34gd7B7+RT0CzLBB4LcM5n0LS+hIoww==}
    cpu: [arm64]
    os: [linux]
    requiresBuild: true
    dev: true
    optional: true

  /esbuild-linux-mips64le/0.14.2:
    resolution: {integrity: sha512-Fdwrq2roFnO5oetIiUQQueZ3+5soCxBSJswg3MvYaXDomj47BN6oAWMZgLrFh1oVrtWrxSDLCJBenYdbm2s+qQ==}
    cpu: [mips64el]
    os: [linux]
    requiresBuild: true
    dev: true
    optional: true

  /esbuild-linux-ppc64le/0.14.2:
    resolution: {integrity: sha512-vxptskw8JfCDD9QqpRO0XnsM1osuWeRjPaXX1TwdveLogYsbdFtcuiuK/4FxGiNMUr1ojtnCS2rMPbY8puc5NA==}
    cpu: [ppc64]
    os: [linux]
    requiresBuild: true
    dev: true
    optional: true

  /esbuild-netbsd-64/0.14.2:
    resolution: {integrity: sha512-I8+LzYK5iSNpspS9eCV9sW67Rj8FgMHimGri4mKiGAmN0pNfx+hFX146rYtzGtewuxKtTsPywWteHx+hPRLDsw==}
    cpu: [x64]
    os: [netbsd]
    requiresBuild: true
    dev: true
    optional: true

  /esbuild-openbsd-64/0.14.2:
    resolution: {integrity: sha512-120HgMe9elidWUvM2E6mMf0csrGwx8sYDqUIJugyMy1oHm+/nT08bTAVXuwYG/rkMIqsEO9AlMxuYnwR6En/3Q==}
    cpu: [x64]
    os: [openbsd]
    requiresBuild: true
    dev: true
    optional: true

  /esbuild-sunos-64/0.14.2:
    resolution: {integrity: sha512-Q3xcf9Uyfra9UuCFxoLixVvdigo0daZaKJ97TL2KNA4bxRUPK18wwGUk3AxvgDQZpRmg82w9PnkaNYo7a+24ow==}
    cpu: [x64]
    os: [sunos]
    requiresBuild: true
    dev: true
    optional: true

  /esbuild-windows-32/0.14.2:
    resolution: {integrity: sha512-TW7O49tPsrq+N1sW8mb3m24j/iDGa4xzAZH4wHWwoIzgtZAYPKC0hpIhufRRG/LA30bdMChO9pjJZ5mtcybtBQ==}
    cpu: [ia32]
    os: [win32]
    requiresBuild: true
    dev: true
    optional: true

  /esbuild-windows-64/0.14.2:
    resolution: {integrity: sha512-Rym6ViMNmi1E2QuQMWy0AFAfdY0wGwZD73BnzlsQBX5hZBuy/L+Speh7ucUZ16gwsrMM9v86icZUDrSN/lNBKg==}
    cpu: [x64]
    os: [win32]
    requiresBuild: true
    dev: true
    optional: true

  /esbuild-windows-arm64/0.14.2:
    resolution: {integrity: sha512-ZrLbhr0vX5Em/P1faMnHucjVVWPS+m3tktAtz93WkMZLmbRJevhiW1y4CbulBd2z0MEdXZ6emDa1zFHq5O5bSA==}
    cpu: [arm64]
    os: [win32]
    requiresBuild: true
    dev: true
    optional: true

  /esbuild/0.11.23:
    resolution: {integrity: sha512-iaiZZ9vUF5wJV8ob1tl+5aJTrwDczlvGP0JoMmnpC2B0ppiMCu8n8gmy5ZTGl5bcG081XBVn+U+jP+mPFm5T5Q==}
    hasBin: true
    requiresBuild: true
    dev: true

  /esbuild/0.14.2:
    resolution: {integrity: sha512-l076A6o/PIgcyM24s0dWmDI/b8RQf41uWoJu9I0M71CtW/YSw5T5NUeXxs5lo2tFQD+O4CW4nBHJXx3OY5NpXg==}
    hasBin: true
    requiresBuild: true
    optionalDependencies:
      esbuild-android-arm64: 0.14.2
      esbuild-darwin-64: 0.14.2
      esbuild-darwin-arm64: 0.14.2
      esbuild-freebsd-64: 0.14.2
      esbuild-freebsd-arm64: 0.14.2
      esbuild-linux-32: 0.14.2
      esbuild-linux-64: 0.14.2
      esbuild-linux-arm: 0.14.2
      esbuild-linux-arm64: 0.14.2
      esbuild-linux-mips64le: 0.14.2
      esbuild-linux-ppc64le: 0.14.2
      esbuild-netbsd-64: 0.14.2
      esbuild-openbsd-64: 0.14.2
      esbuild-sunos-64: 0.14.2
      esbuild-windows-32: 0.14.2
      esbuild-windows-64: 0.14.2
      esbuild-windows-arm64: 0.14.2
    dev: true

  /escalade/3.1.1:
    resolution: {integrity: sha512-k0er2gUkLf8O0zKJiAhmkTnJlTvINGv7ygDNPbeIsX/TJjGJZHuh9B2UxbsaEkmlEo9MfhrSzmhIlhRlI2GXnw==}
    engines: {node: '>=6'}
    dev: true

  /escape-string-regexp/4.0.0:
    resolution: {integrity: sha512-TtpcNJ3XAzx3Gq8sWRzJaVajRs0uVxA2YAkdb1jm2YkPz4G6egUFAyA3n5vtEIZefPk5Wa4UXbKuS5fKkJWdgA==}
    engines: {node: '>=10'}
    dev: true

  /eval/0.1.6:
    resolution: {integrity: sha512-o0XUw+5OGkXw4pJZzQoXUk+H87DHuC+7ZE//oSrRGtatTmr12oTnLfg6QOq9DyTt0c/p4TwzgmkKrBzWTSizyQ==}
    engines: {node: '>= 0.8'}
    dependencies:
      require-like: 0.1.2
    dev: true

  /find-up/5.0.0:
    resolution: {integrity: sha512-78/PXT1wlLLDgTzDs7sjq9hzz0vXD+zn+7wypEe4fXQxCmdmqfGsEPQxmiCSQI3ajFV91bVSsvNtrJRiW6nGng==}
    engines: {node: '>=10'}
    dependencies:
      locate-path: 6.0.0
      path-exists: 4.0.0
    dev: true

  /has-flag/4.0.0:
    resolution: {integrity: sha512-EykJT/Q1KjTWctppgIAgfSO0tKVuZUjhgMr17kqTumMl6Afv3EISleU7qZUzoXDFTAHTDC4NOoG/ZxU3EvlMPQ==}
    engines: {node: '>=8'}
    dev: true

  /history/5.1.0:
    resolution: {integrity: sha512-zPuQgPacm2vH2xdORvGGz1wQMuHSIB56yNAy5FnLuwOwgSYyPKptJtcMm6Ev+hRGeS+GzhbmRacHzvlESbFwDg==}
    dependencies:
      '@babel/runtime': 7.16.3
    dev: false

  /javascript-stringify/2.1.0:
    resolution: {integrity: sha512-JVAfqNPTvNq3sB/VHQJAFxN/sPgKnsKrCwyRt15zwNCdrMMJDdcEOdubuy+DuJYYdm0ox1J4uzEuYKkN+9yhVg==}
    dev: true

  /locate-path/6.0.0:
    resolution: {integrity: sha512-iPZK6eYjbxRu3uB4/WZ3EsEIMJFMqAoopl3R+zuq0UjcAm/MO6KCweDgPfP3elTztoKP3KtnVHxTn2NHBSDVUw==}
    engines: {node: '>=10'}
    dependencies:
      p-locate: 5.0.0
    dev: true

  /lodash/4.17.21:
    resolution: {integrity: sha512-v2kDEe57lecTulaDIuNTPy3Ry4gLGJ6Z1O3vE1krgXZNrsQ+LFTGHVxVjcXPs17LhbZVGedAJv8XZ1tvj5FvSg==}
    dev: true

  /nanoid/3.1.30:
    resolution: {integrity: sha512-zJpuPDwOv8D2zq2WRoMe1HsfZthVewpel9CAvTfc/2mBD1uUT/agc5f7GHGWXlYkFvi1mVxe4IjvP2HNrop7nQ==}
    engines: {node: ^10 || ^12 || ^13.7 || ^14 || >=15.0.1}
    hasBin: true
    dev: true

  /outdent/0.8.0:
    resolution: {integrity: sha512-KiOAIsdpUTcAXuykya5fnVVT+/5uS0Q1mrkRHcF89tpieSmY33O/tmc54CqwA+bfhbtEfZUNLHaPUiB9X3jt1A==}
    dev: true

  /p-limit/3.1.0:
    resolution: {integrity: sha512-TYOanM3wGwNGsZN2cVTYPArw454xnXj5qmWF1bEoAc4+cU/ol7GVh7odevjp1FNHduHc3KZMcFduxU5Xc6uJRQ==}
    engines: {node: '>=10'}
    dependencies:
      yocto-queue: 0.1.0
    dev: true

  /p-locate/5.0.0:
    resolution: {integrity: sha512-LaNjtRWUBY++zB5nE/NwcaoMylSPk+S+ZHNB1TzdbMJMny6dynpAGt7X/tl/QYq3TIeE6nxHppbo2LGymrG5Pw==}
    engines: {node: '>=10'}
    dependencies:
      p-limit: 3.1.0
    dev: true

  /path-exists/4.0.0:
    resolution: {integrity: sha512-ak9Qy5Q7jYb2Wwcey5Fpvg2KoAc/ZIhLSLOSBmRmygPsGwkVVt0fZa0qrtMz+m6tJTAHfZQ8FnmB4MG4LWy7/w==}
    engines: {node: '>=8'}
    dev: true

  /picocolors/1.0.0:
    resolution: {integrity: sha512-1fygroTLlHu66zi26VoTDv8yRgm0Fccecssto+MhsZ0D/DGW2sm8E8AjW7NU5VVTRt5GxbeZ5qBuJr+HyLYkjQ==}
    dev: true

  /postcss/8.4.4:
    resolution: {integrity: sha512-joU6fBsN6EIer28Lj6GDFoC/5yOZzLCfn0zHAn/MYXI7aPt4m4hK5KC5ovEZXy+lnCjmYIbQWngvju2ddyEr8Q==}
    engines: {node: ^10 || ^12 || >=14}
    dependencies:
      nanoid: 3.1.30
      picocolors: 1.0.0
      source-map-js: 1.0.1
    dev: true

  /react-router-dom/6.0.2:
    resolution: {integrity: sha512-cOpJ4B6raFutr0EG8O/M2fEoyQmwvZWomf1c6W2YXBZuFBx8oTk/zqjXghwScyhfrtnt0lANXV2182NQblRxFA==}
    peerDependencies:
      react: '>=16.8'
      react-dom: '>=16.8'
    dependencies:
      history: 5.1.0
      react-router: 6.0.2
    dev: false

  /react-router/6.0.2:
    resolution: {integrity: sha512-8/Wm3Ed8t7TuedXjAvV39+c8j0vwrI5qVsYqjFr5WkJjsJpEvNSoLRUbtqSEYzqaTUj1IV+sbPJxvO+accvU0Q==}
    peerDependencies:
      react: '>=16.8'
    dependencies:
      history: 5.1.0
    dev: false

  /regenerator-runtime/0.13.9:
    resolution: {integrity: sha512-p3VT+cOEgxFsRRA9X4lkI1E+k2/CtnKtU4gcxyaCUreilL/vqI6CdZ3wxVUx3UOUg+gnUOQQcRI7BmSI656MYA==}
    dev: false

  /require-like/0.1.2:
    resolution: {integrity: sha1-rW8wwTvs15cBDEaK+ndcDAprR/o=}
    dev: true

  /source-map-js/1.0.1:
    resolution: {integrity: sha512-4+TN2b3tqOCd/kaGRJ/sTYA0tR0mdXx26ipdolxcwtJVqEnqNYvlCAt1q3ypy4QMlYus+Zh34RNtYLoq2oQ4IA==}
    engines: {node: '>=0.10.0'}
    dev: true

  /stable-hash/0.0.2:
    resolution: {integrity: sha512-tPwQ3c1rLIwbJpq59duoznegEbmgfV630C2n4R4G96LKBFljgK8j+O9AxjqB6cAzu4gE7s4pByrLWtZel8E+Mg==}
    dev: true

  /supports-color/7.2.0:
    resolution: {integrity: sha512-qpCAvRl9stuOHveKsn7HncJRvv501qIacKzQlO/+Lwxc9+0q2wLyv4Dfvt80/DPn2pqOBsJdDiogXGR9+OvwRw==}
    engines: {node: '>=8'}
    dependencies:
      has-flag: 4.0.0
    dev: true

  /yocto-queue/0.1.0:
    resolution: {integrity: sha512-rVksvsnNCdJ/ohGc6xgPwyN8eheCxsiLM8mxuE/t/mOVqJewPuO1miLpTHQiRgTKCLexL4MeAFVagts7HmNZ2Q==}
    engines: {node: '>=10'}
    dev: true

  '@pkg.csb.dev/preactjs/preact/commit/a5a12f92/preact':
    resolution: {tarball: https://pkg.csb.dev/preactjs/preact/commit/a5a12f92/preact}
    name: preact
    version: 10.5.13
    dev: false
